
Microsoft Visual Studio Solution File, Format Version 12.00
# Visual Studio 15
VisualStudioVersion = 15.0.26730.15
MinimumVisualStudioVersion = 10.0.40219.1
Project("{8BC9CEB8-8B4A-11D0-8D11-00A0C91BC942}") = "Bowling", "Bowling\Bowling.vcxproj", "{B4B378A1-313F-4CD5-91C7-C3CDEAC38F96}"
EndProject
Project("{8BC9CEB8-8B4A-11D0-8D11-00A0C91BC942}") = "Auction Bidding", "Auction Bidding\Auction Bidding.vcxproj", "{D6DF3A33-D0D3-4852-8076-539A7F868E12}"
EndProject
Project("{8BC9CEB8-8B4A-11D0-8D11-00A0C91BC942}") = "Snow Flacke", "Snow Flacke\Snow Flacke.vcxproj", "{DCE5FDFD-BADE-40D3-B3F3-1EC38991BC17}"
EndProject
Project("{8BC9CEB8-8B4A-11D0-8D11-00A0C91BC942}") = "Parkgarage", "Parkgarage\Parkgarage.vcxproj", "{BD774BD8-5383-4DD5-8E23-2DB449980D93}"
EndProject
Project("{8BC9CEB8-8B4A-11D0-8D11-00A0C91BC942}") = "Addictive Game", "Addictive Game\Addictive Game.vcxproj", "{5979384A-CC93-498C-85B8-02EB297D2084}"
EndProject
Project("{8BC9CEB8-8B4A-11D0-8D11-00A0C91BC942}") = "Hyperloop", "Hyperloop\Hyperloop.vcxproj", "{791881D6-D699-4E3E-B29E-827D2F694972}"
EndProject
Project("{8BC9CEB8-8B4A-11D0-8D11-00A0C91BC942}") = "Mars Rover", "Mars Rover\Mars Rover.vcxproj", "{ABE72966-3DA1-4328-B171-39819E77F420}"
EndProject
Project("{8BC9CEB8-8B4A-11D0-8D11-00A0C91BC942}") = "Fibonacci", "Fibonacci\Fibonacci.vcxproj", "{F1A63FEA-8930-4E93-8B3D-E030873EFFAB}"
EndProject
Project("{8BC9CEB8-8B4A-11D0-8D11-00A0C91BC942}") = "Pruebas", "Pruebas\Pruebas.vcxproj", "{07213E20-9F3E-4DBF-80E8-0AEA97A2C630}"
EndProject
Project("{8BC9CEB8-8B4A-11D0-8D11-00A0C91BC942}") = "Snack Vendor", "Snack Vendor\Snack Vendor.vcxproj", "{4015F398-8A93-43EB-8244-E16BBDB50707}"
EndProject
Project("{8BC9CEB8-8B4A-11D0-8D11-00A0C91BC942}") = "DigitalBank", "DigitalBank\DigitalBank.vcxproj", "{83989088-D019-4BE4-AA8E-43FC7A4F72B9}"
EndProject
Global
	GlobalSection(SolutionConfigurationPlatforms) = preSolution
		Debug|Any CPU = Debug|Any CPU
		Debug|x64 = Debug|x64
		Debug|x86 = Debug|x86
		Release|Any CPU = Release|Any CPU
		Release|x64 = Release|x64
		Release|x86 = Release|x86
	EndGlobalSection
	GlobalSection(ProjectConfigurationPlatforms) = postSolution
		{B4B378A1-313F-4CD5-91C7-C3CDEAC38F96}.Debug|Any CPU.ActiveCfg = Debug|Win32
		{B4B378A1-313F-4CD5-91C7-C3CDEAC38F96}.Debug|x64.ActiveCfg = Debug|x64
		{B4B378A1-313F-4CD5-91C7-C3CDEAC38F96}.Debug|x64.Build.0 = Debug|x64
		{B4B378A1-313F-4CD5-91C7-C3CDEAC38F96}.Debug|x86.ActiveCfg = Debug|Win32
		{B4B378A1-313F-4CD5-91C7-C3CDEAC38F96}.Debug|x86.Build.0 = Debug|Win32
		{B4B378A1-313F-4CD5-91C7-C3CDEAC38F96}.Release|Any CPU.ActiveCfg = Release|Win32
		{B4B378A1-313F-4CD5-91C7-C3CDEAC38F96}.Release|x64.ActiveCfg = Release|x64
		{B4B378A1-313F-4CD5-91C7-C3CDEAC38F96}.Release|x64.Build.0 = Release|x64
		{B4B378A1-313F-4CD5-91C7-C3CDEAC38F96}.Release|x86.ActiveCfg = Release|Win32
		{B4B378A1-313F-4CD5-91C7-C3CDEAC38F96}.Release|x86.Build.0 = Release|Win32
		{D6DF3A33-D0D3-4852-8076-539A7F868E12}.Debug|Any CPU.ActiveCfg = Debug|Win32
		{D6DF3A33-D0D3-4852-8076-539A7F868E12}.Debug|x64.ActiveCfg = Debug|x64
		{D6DF3A33-D0D3-4852-8076-539A7F868E12}.Debug|x64.Build.0 = Debug|x64
		{D6DF3A33-D0D3-4852-8076-539A7F868E12}.Debug|x86.ActiveCfg = Debug|Win32
		{D6DF3A33-D0D3-4852-8076-539A7F868E12}.Debug|x86.Build.0 = Debug|Win32
		{D6DF3A33-D0D3-4852-8076-539A7F868E12}.Release|Any CPU.ActiveCfg = Release|Win32
		{D6DF3A33-D0D3-4852-8076-539A7F868E12}.Release|x64.ActiveCfg = Release|x64
		{D6DF3A33-D0D3-4852-8076-539A7F868E12}.Release|x64.Build.0 = Release|x64
		{D6DF3A33-D0D3-4852-8076-539A7F868E12}.Release|x86.ActiveCfg = Release|Win32
		{D6DF3A33-D0D3-4852-8076-539A7F868E12}.Release|x86.Build.0 = Release|Win32
		{DCE5FDFD-BADE-40D3-B3F3-1EC38991BC17}.Debug|Any CPU.ActiveCfg = Debug|Win32
		{DCE5FDFD-BADE-40D3-B3F3-1EC38991BC17}.Debug|x64.ActiveCfg = Debug|x64
		{DCE5FDFD-BADE-40D3-B3F3-1EC38991BC17}.Debug|x64.Build.0 = Debug|x64
		{DCE5FDFD-BADE-40D3-B3F3-1EC38991BC17}.Debug|x86.ActiveCfg = Debug|Win32
		{DCE5FDFD-BADE-40D3-B3F3-1EC38991BC17}.Debug|x86.Build.0 = Debug|Win32
		{DCE5FDFD-BADE-40D3-B3F3-1EC38991BC17}.Release|Any CPU.ActiveCfg = Release|Win32
		{DCE5FDFD-BADE-40D3-B3F3-1EC38991BC17}.Release|x64.ActiveCfg = Release|x64
		{DCE5FDFD-BADE-40D3-B3F3-1EC38991BC17}.Release|x64.Build.0 = Release|x64
		{DCE5FDFD-BADE-40D3-B3F3-1EC38991BC17}.Release|x86.ActiveCfg = Release|Win32
		{DCE5FDFD-BADE-40D3-B3F3-1EC38991BC17}.Release|x86.Build.0 = Release|Win32
		{BD774BD8-5383-4DD5-8E23-2DB449980D93}.Debug|Any CPU.ActiveCfg = Debug|Win32
		{BD774BD8-5383-4DD5-8E23-2DB449980D93}.Debug|x64.ActiveCfg = Debug|x64
		{BD774BD8-5383-4DD5-8E23-2DB449980D93}.Debug|x64.Build.0 = Debug|x64
		{BD774BD8-5383-4DD5-8E23-2DB449980D93}.Debug|x86.ActiveCfg = Debug|Win32
		{BD774BD8-5383-4DD5-8E23-2DB449980D93}.Debug|x86.Build.0 = Debug|Win32
		{BD774BD8-5383-4DD5-8E23-2DB449980D93}.Release|Any CPU.ActiveCfg = Release|Win32
		{BD774BD8-5383-4DD5-8E23-2DB449980D93}.Release|x64.ActiveCfg = Release|x64
		{BD774BD8-5383-4DD5-8E23-2DB449980D93}.Release|x64.Build.0 = Release|x64
		{BD774BD8-5383-4DD5-8E23-2DB449980D93}.Release|x86.ActiveCfg = Release|Win32
		{BD774BD8-5383-4DD5-8E23-2DB449980D93}.Release|x86.Build.0 = Release|Win32
		{5979384A-CC93-498C-85B8-02EB297D2084}.Debug|Any CPU.ActiveCfg = Debug|Win32
		{5979384A-CC93-498C-85B8-02EB297D2084}.Debug|x64.ActiveCfg = Debug|x64
		{5979384A-CC93-498C-85B8-02EB297D2084}.Debug|x64.Build.0 = Debug|x64
		{5979384A-CC93-498C-85B8-02EB297D2084}.Debug|x86.ActiveCfg = Debug|Win32
		{5979384A-CC93-498C-85B8-02EB297D2084}.Debug|x86.Build.0 = Debug|Win32
		{5979384A-CC93-498C-85B8-02EB297D2084}.Release|Any CPU.ActiveCfg = Release|Win32
		{5979384A-CC93-498C-85B8-02EB297D2084}.Release|x64.ActiveCfg = Release|x64
		{5979384A-CC93-498C-85B8-02EB297D2084}.Release|x64.Build.0 = Release|x64
		{5979384A-CC93-498C-85B8-02EB297D2084}.Release|x86.ActiveCfg = Release|Win32
		{5979384A-CC93-498C-85B8-02EB297D2084}.Release|x86.Build.0 = Release|Win32
		{791881D6-D699-4E3E-B29E-827D2F694972}.Debug|Any CPU.ActiveCfg = Debug|Win32
		{791881D6-D699-4E3E-B29E-827D2F694972}.Debug|x64.ActiveCfg = Debug|x64
		{791881D6-D699-4E3E-B29E-827D2F694972}.Debug|x64.Build.0 = Debug|x64
		{791881D6-D699-4E3E-B29E-827D2F694972}.Debug|x86.ActiveCfg = Debug|Win32
		{791881D6-D699-4E3E-B29E-827D2F694972}.Debug|x86.Build.0 = Debug|Win32
		{791881D6-D699-4E3E-B29E-827D2F694972}.Release|Any CPU.ActiveCfg = Release|Win32
		{791881D6-D699-4E3E-B29E-827D2F694972}.Release|x64.ActiveCfg = Release|x64
		{791881D6-D699-4E3E-B29E-827D2F694972}.Release|x64.Build.0 = Release|x64
		{791881D6-D699-4E3E-B29E-827D2F694972}.Release|x86.ActiveCfg = Release|Win32
		{791881D6-D699-4E3E-B29E-827D2F694972}.Release|x86.Build.0 = Release|Win32
		{ABE72966-3DA1-4328-B171-39819E77F420}.Debug|Any CPU.ActiveCfg = Debug|Win32
		{ABE72966-3DA1-4328-B171-39819E77F420}.Debug|x64.ActiveCfg = Debug|x64
		{ABE72966-3DA1-4328-B171-39819E77F420}.Debug|x64.Build.0 = Debug|x64
		{ABE72966-3DA1-4328-B171-39819E77F420}.Debug|x86.ActiveCfg = Debug|Win32
		{ABE72966-3DA1-4328-B171-39819E77F420}.Debug|x86.Build.0 = Debug|Win32
		{ABE72966-3DA1-4328-B171-39819E77F420}.Release|Any CPU.ActiveCfg = Release|Win32
		{ABE72966-3DA1-4328-B171-39819E77F420}.Release|x64.ActiveCfg = Release|x64
		{ABE72966-3DA1-4328-B171-39819E77F420}.Release|x64.Build.0 = Release|x64
		{ABE72966-3DA1-4328-B171-39819E77F420}.Release|x86.ActiveCfg = Release|Win32
		{ABE72966-3DA1-4328-B171-39819E77F420}.Release|x86.Build.0 = Release|Win32
		{F1A63FEA-8930-4E93-8B3D-E030873EFFAB}.Debug|Any CPU.ActiveCfg = Debug|Win32
		{F1A63FEA-8930-4E93-8B3D-E030873EFFAB}.Debug|x64.ActiveCfg = Debug|x64
		{F1A63FEA-8930-4E93-8B3D-E030873EFFAB}.Debug|x64.Build.0 = Debug|x64
		{F1A63FEA-8930-4E93-8B3D-E030873EFFAB}.Debug|x86.ActiveCfg = Debug|Win32
		{F1A63FEA-8930-4E93-8B3D-E030873EFFAB}.Debug|x86.Build.0 = Debug|Win32
		{F1A63FEA-8930-4E93-8B3D-E030873EFFAB}.Release|Any CPU.ActiveCfg = Release|Win32
		{F1A63FEA-8930-4E93-8B3D-E030873EFFAB}.Release|x64.ActiveCfg = Release|x64
		{F1A63FEA-8930-4E93-8B3D-E030873EFFAB}.Release|x64.Build.0 = Release|x64
		{F1A63FEA-8930-4E93-8B3D-E030873EFFAB}.Release|x86.ActiveCfg = Release|Win32
		{F1A63FEA-8930-4E93-8B3D-E030873EFFAB}.Release|x86.Build.0 = Release|Win32
		{07213E20-9F3E-4DBF-80E8-0AEA97A2C630}.Debug|Any CPU.ActiveCfg = Debug|Win32
		{07213E20-9F3E-4DBF-80E8-0AEA97A2C630}.Debug|x64.ActiveCfg = Debug|x64
		{07213E20-9F3E-4DBF-80E8-0AEA97A2C630}.Debug|x64.Build.0 = Debug|x64
		{07213E20-9F3E-4DBF-80E8-0AEA97A2C630}.Debug|x86.ActiveCfg = Debug|Win32
		{07213E20-9F3E-4DBF-80E8-0AEA97A2C630}.Debug|x86.Build.0 = Debug|Win32
		{07213E20-9F3E-4DBF-80E8-0AEA97A2C630}.Release|Any CPU.ActiveCfg = Release|Win32
		{07213E20-9F3E-4DBF-80E8-0AEA97A2C630}.Release|x64.ActiveCfg = Release|x64
		{07213E20-9F3E-4DBF-80E8-0AEA97A2C630}.Release|x64.Build.0 = Release|x64
		{07213E20-9F3E-4DBF-80E8-0AEA97A2C630}.Release|x86.ActiveCfg = Release|Win32
		{07213E20-9F3E-4DBF-80E8-0AEA97A2C630}.Release|x86.Build.0 = Release|Win32
		{4015F398-8A93-43EB-8244-E16BBDB50707}.Debug|Any CPU.ActiveCfg = Debug|Win32
		{4015F398-8A93-43EB-8244-E16BBDB50707}.Debug|x64.ActiveCfg = Debug|x64
		{4015F398-8A93-43EB-8244-E16BBDB50707}.Debug|x64.Build.0 = Debug|x64
		{4015F398-8A93-43EB-8244-E16BBDB50707}.Debug|x86.ActiveCfg = Debug|Win32
		{4015F398-8A93-43EB-8244-E16BBDB50707}.Debug|x86.Build.0 = Debug|Win32
		{4015F398-8A93-43EB-8244-E16BBDB50707}.Release|Any CPU.ActiveCfg = Release|Win32
		{4015F398-8A93-43EB-8244-E16BBDB50707}.Release|x64.ActiveCfg = Release|x64
		{4015F398-8A93-43EB-8244-E16BBDB50707}.Release|x64.Build.0 = Release|x64
		{4015F398-8A93-43EB-8244-E16BBDB50707}.Release|x86.ActiveCfg = Release|Win32
		{4015F398-8A93-43EB-8244-E16BBDB50707}.Release|x86.Build.0 = Release|Win32
		{83989088-D019-4BE4-AA8E-43FC7A4F72B9}.Debug|Any CPU.ActiveCfg = Debug|Win32
		{83989088-D019-4BE4-AA8E-43FC7A4F72B9}.Debug|x64.ActiveCfg = Debug|x64
		{83989088-D019-4BE4-AA8E-43FC7A4F72B9}.Debug|x64.Build.0 = Debug|x64
		{83989088-D019-4BE4-AA8E-43FC7A4F72B9}.Debug|x86.ActiveCfg = Debug|Win32
		{83989088-D019-4BE4-AA8E-43FC7A4F72B9}.Debug|x86.Build.0 = Debug|Win32
		{83989088-D019-4BE4-AA8E-43FC7A4F72B9}.Release|Any CPU.ActiveCfg = Release|Win32
		{83989088-D019-4BE4-AA8E-43FC7A4F72B9}.Release|x64.ActiveCfg = Release|x64
		{83989088-D019-4BE4-AA8E-43FC7A4F72B9}.Release|x64.Build.0 = Release|x64
		{83989088-D019-4BE4-AA8E-43FC7A4F72B9}.Release|x86.ActiveCfg = Release|Win32
		{83989088-D019-4BE4-AA8E-43FC7A4F72B9}.Release|x86.Build.0 = Release|Win32
	EndGlobalSection
	GlobalSection(SolutionProperties) = preSolution
		HideSolutionNode = FALSE
	EndGlobalSection
	GlobalSection(ExtensibilityGlobals) = postSolution
		SolutionGuid = {156D3C97-D4CC-41BC-8FAD-149C728BBC3B}
	EndGlobalSection
EndGlobal
